
Microsoft Visual Studio Solution File, Format Version 12.00
Project("{FAE04EC0-301F-11D3-BF4B-00C04F79EFBC}") = "StandAloneServer", "StandAloneServer\StandAloneServer.csproj", "{31DC598F-A3D9-4934-B932-549D92E20FFE}"
EndProject
Global
	GlobalSection(SolutionConfigurationPlatforms) = preSolution
		Debug|Any CPU = Debug|Any CPU
		Release|Any CPU = Release|Any CPU
	EndGlobalSection
	GlobalSection(ProjectConfigurationPlatforms) = postSolution
		{31DC598F-A3D9-4934-B932-549D92E20FFE}.Debug|Any CPU.ActiveCfg = Debug|Any CPU
		{31DC598F-A3D9-4934-B932-549D92E20FFE}.Debug|Any CPU.Build.0 = Debug|Any CPU
		{31DC598F-A3D9-4934-B932-549D92E20FFE}.Release|Any CPU.ActiveCfg = Release|Any CPU
		{31DC598F-A3D9-4934-B932-549D92E20FFE}.Release|Any CPU.Build.0 = Release|Any CPU
	EndGlobalSection
EndGlobal
